
Microsoft Visual Studio Solution File, Format Version 12.00
# Visual Studio 15
VisualStudioVersion = 15.0.28307.489
MinimumVisualStudioVersion = 10.0.40219.1
Project("{888888A0-9F3D-457C-B088-3A5042F75D52}") = "Zadanie3", "Zadanie3\Zadanie3.pyproj", "{BA677C28-CA35-44B1-9270-53101EF634BD}"
EndProject
Global
	GlobalSection(SolutionConfigurationPlatforms) = preSolution
		Debug|Any CPU = Debug|Any CPU
		Release|Any CPU = Release|Any CPU
	EndGlobalSection
	GlobalSection(ProjectConfigurationPlatforms) = postSolution
		{BA677C28-CA35-44B1-9270-53101EF634BD}.Debug|Any CPU.ActiveCfg = Debug|Any CPU
		{BA677C28-CA35-44B1-9270-53101EF634BD}.Release|Any CPU.ActiveCfg = Release|Any CPU
	EndGlobalSection
	GlobalSection(SolutionProperties) = preSolution
		HideSolutionNode = FALSE
	EndGlobalSection
	GlobalSection(ExtensibilityGlobals) = postSolution
		SolutionGuid = {4689A84A-219F-4B31-92D0-1C19188D47CD}
	EndGlobalSection
EndGlobal
